Microsoft Visual Studio Solution File, Format Version 12.00
# Visual Studio Version 17
VisualStudioVersion = 17.5.2.0
MinimumVisualStudioVersion = 10.0.40219.1
Project("{FAE04EC0-301F-11D3-BF4B-00C04F79EFBC}") = "LoopStatements", "LoopStatements.csproj", "{C6477933-A939-08DB-4846-B55E32FEB702}"
EndProject
Global
	GlobalSection(SolutionConfigurationPlatforms) = preSolution
		Debug|Any CPU = Debug|Any CPU
		Release|Any CPU = Release|Any CPU
	EndGlobalSection
	GlobalSection(ProjectConfigurationPlatforms) = postSolution
		{C6477933-A939-08DB-4846-B55E32FEB702}.Debug|Any CPU.ActiveCfg = Debug|Any CPU
		{C6477933-A939-08DB-4846-B55E32FEB702}.Debug|Any CPU.Build.0 = Debug|Any CPU
		{C6477933-A939-08DB-4846-B55E32FEB702}.Release|Any CPU.ActiveCfg = Release|Any CPU
		{C6477933-A939-08DB-4846-B55E32FEB702}.Release|Any CPU.Build.0 = Release|Any CPU
	EndGlobalSection
	GlobalSection(SolutionProperties) = preSolution
		HideSolutionNode = FALSE
	EndGlobalSection
	GlobalSection(ExtensibilityGlobals) = postSolution
		SolutionGuid = {C8E114E1-0A7B-409B-A6D2-27EAB764F670}
	EndGlobalSection
EndGlobal
