
Microsoft Visual Studio Solution File, Format Version 12.00
# Visual Studio Version 17
VisualStudioVersion = 17.14.36811.4 d17.14
MinimumVisualStudioVersion = 10.0.40219.1
Project("{FAE04EC0-301F-11D3-BF4B-00C04F79EFBC}") = "Day3Console", "Day3Console.csproj", "{EC1C9EC8-82D7-4054-AF37-BD47808D270C}"
EndProject
Project("{FAE04EC0-301F-11D3-BF4B-00C04F79EFBC}") = "ConsoleApp1", "..\ConsoleApp1\ConsoleApp1.csproj", "{DFE69682-04EB-4A59-88C0-DB3E1AA7B8E2}"
EndProject
Global
	GlobalSection(SolutionConfigurationPlatforms) = preSolution
		Debug|Any CPU = Debug|Any CPU
		Release|Any CPU = Release|Any CPU
	EndGlobalSection
	GlobalSection(ProjectConfigurationPlatforms) = postSolution
		{EC1C9EC8-82D7-4054-AF37-BD47808D270C}.Debug|Any CPU.ActiveCfg = Debug|Any CPU
		{EC1C9EC8-82D7-4054-AF37-BD47808D270C}.Debug|Any CPU.Build.0 = Debug|Any CPU
		{EC1C9EC8-82D7-4054-AF37-BD47808D270C}.Release|Any CPU.ActiveCfg = Release|Any CPU
		{EC1C9EC8-82D7-4054-AF37-BD47808D270C}.Release|Any CPU.Build.0 = Release|Any CPU
		{DFE69682-04EB-4A59-88C0-DB3E1AA7B8E2}.Debug|Any CPU.ActiveCfg = Debug|Any CPU
		{DFE69682-04EB-4A59-88C0-DB3E1AA7B8E2}.Debug|Any CPU.Build.0 = Debug|Any CPU
		{DFE69682-04EB-4A59-88C0-DB3E1AA7B8E2}.Release|Any CPU.ActiveCfg = Release|Any CPU
		{DFE69682-04EB-4A59-88C0-DB3E1AA7B8E2}.Release|Any CPU.Build.0 = Release|Any CPU
	EndGlobalSection
	GlobalSection(SolutionProperties) = preSolution
		HideSolutionNode = FALSE
	EndGlobalSection
	GlobalSection(ExtensibilityGlobals) = postSolution
		SolutionGuid = {8D80ED3D-31C7-410D-BCB3-297B613CD2B1}
	EndGlobalSection
EndGlobal
